
Microsoft Visual Studio Solution File, Format Version 12.00
# Visual Studio Version 17
VisualStudioVersion = 17.0.31912.275
MinimumVisualStudioVersion = 10.0.40219.1
Project("{2150E333-8FDC-42A3-9474-1A3956D46DE8}") = "src", "src", "{0F53F1B1-27F6-4043-9E31-8E7BDC8B7FDA}"
EndProject
Project("{9A19103F-16F7-4668-BE54-9A1E7A4F7556}") = "Ntegra", "src\Ntegra\Ntegra.csproj", "{EF0E4DBB-A08D-47AA-BD36-6C612ECF7A71}"
EndProject
Project("{9A19103F-16F7-4668-BE54-9A1E7A4F7556}") = "Ntegra.TestConsole", "src\Ntegra.TestConsole\Ntegra.TestConsole.csproj", "{1C7F145B-6561-40DC-8165-76A99AC9427A}"
EndProject
Project("{2150E333-8FDC-42A3-9474-1A3956D46DE8}") = "Solution Items", "Solution Items", "{21D7814A-91CD-42AB-85CD-06B17D9CCF8D}"
	ProjectSection(SolutionItems) = preProject
		.editorconfig = .editorconfig
		LICENSE = LICENSE
		README.md = README.md
	EndProjectSection
EndProject
Project("{FAE04EC0-301F-11D3-BF4B-00C04F79EFBC}") = "Ntegra.Tests", "src\Ntegra.Tests\Ntegra.Tests.csproj", "{8466A2BA-9F64-4DCC-9E2C-C6E3DD6A431A}"
EndProject
Global
	GlobalSection(SolutionConfigurationPlatforms) = preSolution
		Debug|Any CPU = Debug|Any CPU
		Release|Any CPU = Release|Any CPU
	EndGlobalSection
	GlobalSection(ProjectConfigurationPlatforms) = postSolution
		{EF0E4DBB-A08D-47AA-BD36-6C612ECF7A71}.Debug|Any CPU.ActiveCfg = Debug|Any CPU
		{EF0E4DBB-A08D-47AA-BD36-6C612ECF7A71}.Debug|Any CPU.Build.0 = Debug|Any CPU
		{EF0E4DBB-A08D-47AA-BD36-6C612ECF7A71}.Release|Any CPU.ActiveCfg = Release|Any CPU
		{EF0E4DBB-A08D-47AA-BD36-6C612ECF7A71}.Release|Any CPU.Build.0 = Release|Any CPU
		{1C7F145B-6561-40DC-8165-76A99AC9427A}.Debug|Any CPU.ActiveCfg = Debug|Any CPU
		{1C7F145B-6561-40DC-8165-76A99AC9427A}.Debug|Any CPU.Build.0 = Debug|Any CPU
		{1C7F145B-6561-40DC-8165-76A99AC9427A}.Release|Any CPU.ActiveCfg = Release|Any CPU
		{1C7F145B-6561-40DC-8165-76A99AC9427A}.Release|Any CPU.Build.0 = Release|Any CPU
		{8466A2BA-9F64-4DCC-9E2C-C6E3DD6A431A}.Debug|Any CPU.ActiveCfg = Debug|Any CPU
		{8466A2BA-9F64-4DCC-9E2C-C6E3DD6A431A}.Debug|Any CPU.Build.0 = Debug|Any CPU
		{8466A2BA-9F64-4DCC-9E2C-C6E3DD6A431A}.Release|Any CPU.ActiveCfg = Release|Any CPU
		{8466A2BA-9F64-4DCC-9E2C-C6E3DD6A431A}.Release|Any CPU.Build.0 = Release|Any CPU
	EndGlobalSection
	GlobalSection(SolutionProperties) = preSolution
		HideSolutionNode = FALSE
	EndGlobalSection
	GlobalSection(NestedProjects) = preSolution
		{EF0E4DBB-A08D-47AA-BD36-6C612ECF7A71} = {0F53F1B1-27F6-4043-9E31-8E7BDC8B7FDA}
		{1C7F145B-6561-40DC-8165-76A99AC9427A} = {0F53F1B1-27F6-4043-9E31-8E7BDC8B7FDA}
		{8466A2BA-9F64-4DCC-9E2C-C6E3DD6A431A} = {0F53F1B1-27F6-4043-9E31-8E7BDC8B7FDA}
	EndGlobalSection
	GlobalSection(ExtensibilityGlobals) = postSolution
		SolutionGuid = {8A280409-21AC-4E48-9736-E9A908AD3506}
	EndGlobalSection
EndGlobal
